
Microsoft Visual Studio Solution File, Format Version 12.00
# Visual Studio Version 17
VisualStudioVersion = 17.11.35327.3
MinimumVisualStudioVersion = 10.0.40219.1
Project("{888888A0-9F3D-457C-B088-3A5042F75D52}") = "BottleWebProject_C222_3_GBG", "BottleWebProject_C222_3_GBG.pyproj", "{97FC1977-AAFC-4876-B4BE-8C55D71B9BEA}"
EndProject
Global
	GlobalSection(SolutionConfigurationPlatforms) = preSolution
		Debug|Any CPU = Debug|Any CPU
		Release|Any CPU = Release|Any CPU
	EndGlobalSection
	GlobalSection(ProjectConfigurationPlatforms) = postSolution
		{97FC1977-AAFC-4876-B4BE-8C55D71B9BEA}.Debug|Any CPU.ActiveCfg = Debug|Any CPU
		{97FC1977-AAFC-4876-B4BE-8C55D71B9BEA}.Debug|Any CPU.Build.0 = Debug|Any CPU
		{97FC1977-AAFC-4876-B4BE-8C55D71B9BEA}.Release|Any CPU.ActiveCfg = Release|Any CPU
		{97FC1977-AAFC-4876-B4BE-8C55D71B9BEA}.Release|Any CPU.Build.0 = Release|Any CPU
	EndGlobalSection
	GlobalSection(SolutionProperties) = preSolution
		HideSolutionNode = FALSE
	EndGlobalSection
	GlobalSection(ExtensibilityGlobals) = postSolution
		SolutionGuid = {9A3E7073-1D5B-4FBB-B071-742ADAE1788A}
	EndGlobalSection
EndGlobal
